
Microsoft Visual Studio Solution File, Format Version 12.00
# Visual Studio Version 17
VisualStudioVersion = 17.2.32616.157
MinimumVisualStudioVersion = 10.0.40219.1
Project("{9A19103F-16F7-4668-BE54-9A1E7A4F7556}") = "Weather.Server", "Server\Weather.Server.csproj", "{FF1B9E64-52F6-4A2B-BEBB-96E8A1C849B3}"
EndProject
Project("{9A19103F-16F7-4668-BE54-9A1E7A4F7556}") = "Weather.Client", "Client\Weather.Client.csproj", "{211A933B-BFA8-4FC1-AB81-71259C5A64C9}"
EndProject
Project("{9A19103F-16F7-4668-BE54-9A1E7A4F7556}") = "Weather.Shared", "Shared\Weather.Shared.csproj", "{D5193729-3106-4348-8DF0-91D8FDBC0769}"
EndProject
Global
	GlobalSection(SolutionConfigurationPlatforms) = preSolution
		Debug|Any CPU = Debug|Any CPU
		Release|Any CPU = Release|Any CPU
	EndGlobalSection
	GlobalSection(ProjectConfigurationPlatforms) = postSolution
		{FF1B9E64-52F6-4A2B-BEBB-96E8A1C849B3}.Debug|Any CPU.ActiveCfg = Debug|Any CPU
		{FF1B9E64-52F6-4A2B-BEBB-96E8A1C849B3}.Debug|Any CPU.Build.0 = Debug|Any CPU
		{FF1B9E64-52F6-4A2B-BEBB-96E8A1C849B3}.Release|Any CPU.ActiveCfg = Release|Any CPU
		{FF1B9E64-52F6-4A2B-BEBB-96E8A1C849B3}.Release|Any CPU.Build.0 = Release|Any CPU
		{211A933B-BFA8-4FC1-AB81-71259C5A64C9}.Debug|Any CPU.ActiveCfg = Debug|Any CPU
		{211A933B-BFA8-4FC1-AB81-71259C5A64C9}.Debug|Any CPU.Build.0 = Debug|Any CPU
		{211A933B-BFA8-4FC1-AB81-71259C5A64C9}.Release|Any CPU.ActiveCfg = Release|Any CPU
		{211A933B-BFA8-4FC1-AB81-71259C5A64C9}.Release|Any CPU.Build.0 = Release|Any CPU
		{D5193729-3106-4348-8DF0-91D8FDBC0769}.Debug|Any CPU.ActiveCfg = Debug|Any CPU
		{D5193729-3106-4348-8DF0-91D8FDBC0769}.Debug|Any CPU.Build.0 = Debug|Any CPU
		{D5193729-3106-4348-8DF0-91D8FDBC0769}.Release|Any CPU.ActiveCfg = Release|Any CPU
		{D5193729-3106-4348-8DF0-91D8FDBC0769}.Release|Any CPU.Build.0 = Release|Any CPU
	EndGlobalSection
	GlobalSection(SolutionProperties) = preSolution
		HideSolutionNode = FALSE
	EndGlobalSection
	GlobalSection(ExtensibilityGlobals) = postSolution
		SolutionGuid = {F4BC3013-0AB5-441B-9E1A-CADFB6325D17}
	EndGlobalSection
EndGlobal
